
Microsoft Visual Studio Solution File, Format Version 12.00
# Visual Studio Version 17
VisualStudioVersion = 17.5.002.0
MinimumVisualStudioVersion = 10.0.40219.1
Project("{9A19103F-16F7-4668-BE54-9A1E7A4F7556}") = "BlazorApp", "BlazorApp.csproj", "{EBC98019-A4EB-44E2-AFFC-C86F83C5B3FE}"
EndProject
Global
	GlobalSection(SolutionConfigurationPlatforms) = preSolution
		Debug|Any CPU = Debug|Any CPU
		Release|Any CPU = Release|Any CPU
	EndGlobalSection
	GlobalSection(ProjectConfigurationPlatforms) = postSolution
		{EBC98019-A4EB-44E2-AFFC-C86F83C5B3FE}.Debug|Any CPU.ActiveCfg = Debug|Any CPU
		{EBC98019-A4EB-44E2-AFFC-C86F83C5B3FE}.Debug|Any CPU.Build.0 = Debug|Any CPU
		{EBC98019-A4EB-44E2-AFFC-C86F83C5B3FE}.Release|Any CPU.ActiveCfg = Release|Any CPU
		{EBC98019-A4EB-44E2-AFFC-C86F83C5B3FE}.Release|Any CPU.Build.0 = Release|Any CPU
	EndGlobalSection
	GlobalSection(SolutionProperties) = preSolution
		HideSolutionNode = FALSE
	EndGlobalSection
	GlobalSection(ExtensibilityGlobals) = postSolution
		SolutionGuid = {F2E357E5-FD1A-44C0-962A-367EC6C1C089}
	EndGlobalSection
EndGlobal
