
Microsoft Visual Studio Solution File, Format Version 12.00
# Visual Studio Version 17
VisualStudioVersion = 17.5.002.0
MinimumVisualStudioVersion = 10.0.40219.1
Project("{9A19103F-16F7-4668-BE54-9A1E7A4F7556}") = "DBMS_Phonebook", "DBMS_Phonebook.csproj", "{DDB9945C-2051-4CAE-9A6D-4D9528CFBBD1}"
EndProject
Global
	GlobalSection(SolutionConfigurationPlatforms) = preSolution
		Debug|Any CPU = Debug|Any CPU
		Release|Any CPU = Release|Any CPU
	EndGlobalSection
	GlobalSection(ProjectConfigurationPlatforms) = postSolution
		{DDB9945C-2051-4CAE-9A6D-4D9528CFBBD1}.Debug|Any CPU.ActiveCfg = Debug|Any CPU
		{DDB9945C-2051-4CAE-9A6D-4D9528CFBBD1}.Debug|Any CPU.Build.0 = Debug|Any CPU
		{DDB9945C-2051-4CAE-9A6D-4D9528CFBBD1}.Release|Any CPU.ActiveCfg = Release|Any CPU
		{DDB9945C-2051-4CAE-9A6D-4D9528CFBBD1}.Release|Any CPU.Build.0 = Release|Any CPU
	EndGlobalSection
	GlobalSection(SolutionProperties) = preSolution
		HideSolutionNode = FALSE
	EndGlobalSection
	GlobalSection(ExtensibilityGlobals) = postSolution
		SolutionGuid = {13F8B6A4-215B-49A9-AE46-CCD3810A8C3B}
	EndGlobalSection
EndGlobal
